// !$*UTF8*$!
{
	archiveVersion = 1;
	classes = {
	};
	objectVersion = 50;
	objects = {

/* Begin PBXBuildFile section */
		CD5A0BA426DEB40600AF733D /* WoWAuctionHouseApp.swift in Sources */ = {isa = PBXBuildFile; fileRef = CD5A0BA326DEB40600AF733D /* WoWAuctionHouseApp.swift */; };
		CD5A0BA626DEB40600AF733D /* ContentView.swift in Sources */ = {isa = PBXBuildFile; fileRef = CD5A0BA526DEB40600AF733D /* ContentView.swift */; };
		CD5A0BA826DEB40800AF733D /* Assets.xcassets in Resources */ = {isa = PBXBuildFile; fileRef = CD5A0BA726DEB40800AF733D /* Assets.xcassets */; };
		CD5A0BAB26DEB40800AF733D /* Preview Assets.xcassets in Resources */ = {isa = PBXBuildFile; fileRef = CD5A0BAA26DEB40800AF733D /* Preview Assets.xcassets */; };
		CD5A0BB326DEB41D00AF733D /* CreatureItem.swift in Sources */ = {isa = PBXBuildFile; fileRef = CD5A0BB226DEB41D00AF733D /* CreatureItem.swift */; };
		CD5A0BB526DEB8CC00AF733D /* CreatureData.swift in Sources */ = {isa = PBXBuildFile; fileRef = CD5A0BB426DEB8CC00AF733D /* CreatureData.swift */; };
		CD5A0BB726DEC7D100AF733D /* Creature.swift in Sources */ = {isa = PBXBuildFile; fileRef = CD5A0BB626DEC7D100AF733D /* Creature.swift */; };
		CD5A0BB926DEDA6100AF733D /* CreatureDetail.swift in Sources */ = {isa = PBXBuildFile; fileRef = CD5A0BB826DEDA6100AF733D /* CreatureDetail.swift */; };
		CD5A0BBB26DEDB0A00AF733D /* WebView.swift in Sources */ = {isa = PBXBuildFile; fileRef = CD5A0BBA26DEDB0A00AF733D /* WebView.swift */; };
/* End PBXBuildFile section */

/* Begin PBXFileReference section */
		CD5A0BA026DEB40600AF733D /* WoWAuctionHouse.app */ = {isa = PBXFileReference; explicitFileType = wrapper.application; includeInIndex = 0; path = WoWAuctionHouse.app; sourceTree = BUILT_PRODUCTS_DIR; };
		CD5A0BA326DEB40600AF733D /* WoWAuctionHouseApp.swift */ = {isa = PBXFileReference; lastKnownFileType = sourcecode.swift; path = WoWAuctionHouseApp.swift; sourceTree = "<group>"; };
		CD5A0BA526DEB40600AF733D /* ContentView.swift */ = {isa = PBXFileReference; lastKnownFileType = sourcecode.swift; path = ContentView.swift; sourceTree = "<group>"; };
		CD5A0BA726DEB40800AF733D /* Assets.xcassets */ = {isa = PBXFileReference; lastKnownFileType = folder.assetcatalog; path = Assets.xcassets; sourceTree = "<group>"; };
		CD5A0BAA26DEB40800AF733D /* Preview Assets.xcassets */ = {isa = PBXFileReference; lastKnownFileType = folder.assetcatalog; path = "Preview Assets.xcassets"; sourceTree = "<group>"; };
		CD5A0BAC26DEB40800AF733D /* Info.plist */ = {isa = PBXFileReference; lastKnownFileType = text.plist.xml; path = Info.plist; sourceTree = "<group>"; };
		CD5A0BB226DEB41D00AF733D /* CreatureItem.swift */ = {isa = PBXFileReference; lastKnownFileType = sourcecode.swift; path = CreatureItem.swift; sourceTree = "<group>"; };
		CD5A0BB426DEB8CC00AF733D /* CreatureData.swift */ = {isa = PBXFileReference; lastKnownFileType = sourcecode.swift; path = CreatureData.swift; sourceTree = "<group>"; };
		CD5A0BB626DEC7D100AF733D /* Creature.swift */ = {isa = PBXFileReference; lastKnownFileType = sourcecode.swift; path = Creature.swift; sourceTree = "<group>"; };
		CD5A0BB826DEDA6100AF733D /* CreatureDetail.swift */ = {isa = PBXFileReference; lastKnownFileType = sourcecode.swift; path = CreatureDetail.swift; sourceTree = "<group>"; };
		CD5A0BBA26DEDB0A00AF733D /* WebView.swift */ = {isa = PBXFileReference; lastKnownFileType = sourcecode.swift; path = WebView.swift; sourceTree = "<group>"; };
/* End PBXFileReference section */

/* Begin PBXFrameworksBuildPhase section */
		CD5A0B9D26DEB40600AF733D /* Frameworks */ = {
			isa = PBXFrameworksBuildPhase;
			buildActionMask = 2147483647;
			files = (
			);
			runOnlyForDeploymentPostprocessing = 0;
		};
/* End PBXFrameworksBuildPhase section */

/* Begin PBXGroup section */
		CD5A0B9726DEB40600AF733D = {
			isa = PBXGroup;
			children = (
				CD5A0BA226DEB40600AF733D /* WoWAuctionHouse */,
				CD5A0BA126DEB40600AF733D /* Products */,
			);
			sourceTree = "<group>";
		};
		CD5A0BA126DEB40600AF733D /* Products */ = {
			isa = PBXGroup;
			children = (
				CD5A0BA026DEB40600AF733D /* WoWAuctionHouse.app */,
			);
			name = Products;
			sourceTree = "<group>";
		};
		CD5A0BA226DEB40600AF733D /* WoWAuctionHouse */ = {
			isa = PBXGroup;
			children = (
				CD5A0BA326DEB40600AF733D /* WoWAuctionHouseApp.swift */,
				CD5A0BA526DEB40600AF733D /* ContentView.swift */,
				CD5A0BBA26DEDB0A00AF733D /* WebView.swift */,
				CD5A0BB826DEDA6100AF733D /* CreatureDetail.swift */,
				CD5A0BB226DEB41D00AF733D /* CreatureItem.swift */,
				CD5A0BB426DEB8CC00AF733D /* CreatureData.swift */,
				CD5A0BB626DEC7D100AF733D /* Creature.swift */,
				CD5A0BA726DEB40800AF733D /* Assets.xcassets */,
				CD5A0BAC26DEB40800AF733D /* Info.plist */,
				CD5A0BA926DEB40800AF733D /* Preview Content */,
			);
			path = WoWAuctionHouse;
			sourceTree = "<group>";
		};
		CD5A0BA926DEB40800AF733D /* Preview Content */ = {
			isa = PBXGroup;
			children = (
				CD5A0BAA26DEB40800AF733D /* Preview Assets.xcassets */,
			);
			path = "Preview Content";
			sourceTree = "<group>";
		};
/* End PBXGroup section */

/* Begin PBXNativeTarget section */
		CD5A0B9F26DEB40600AF733D /* WoWAuctionHouse */ = {
			isa = PBXNativeTarget;
			buildConfigurationList = CD5A0BAF26DEB40800AF733D /* Build configuration list for PBXNativeTarget "WoWAuctionHouse" */;
			buildPhases = (
				CD5A0B9C26DEB40600AF733D /* Sources */,
				CD5A0B9D26DEB40600AF733D /* Frameworks */,
				CD5A0B9E26DEB40600AF733D /* Resources */,
			);
			buildRules = (
			);
			dependencies = (
			);
			name = WoWAuctionHouse;
			productName = WoWAuctionHouse;
			productReference = CD5A0BA026DEB40600AF733D /* WoWAuctionHouse.app */;
			productType = "com.apple.product-type.application";
		};
/* End PBXNativeTarget section */

/* Begin PBXProject section */
		CD5A0B9826DEB40600AF733D /* Project object */ = {
			isa = PBXProject;
			attributes = {
				LastSwiftUpdateCheck = 1250;
				LastUpgradeCheck = 1250;
				TargetAttributes = {
					CD5A0B9F26DEB40600AF733D = {
						CreatedOnToolsVersion = 12.5;
					};
				};
			};
			buildConfigurationList = CD5A0B9B26DEB40600AF733D /* Build configuration list for PBXProject "WoWAuctionHouse" */;
			compatibilityVersion = "Xcode 9.3";
			developmentRegion = en;
			hasScannedForEncodings = 0;
			knownRegions = (
				en,
				Base,
			);
			mainGroup = CD5A0B9726DEB40600AF733D;
			productRefGroup = CD5A0BA126DEB40600AF733D /* Products */;
			projectDirPath = "";
			projectRoot = "";
			targets = (
				CD5A0B9F26DEB40600AF733D /* WoWAuctionHouse */,
			);
		};
/* End PBXProject section */

/* Begin PBXResourcesBuildPhase section */
		CD5A0B9E26DEB40600AF733D /* Resources */ = {
			isa = PBXResourcesBuildPhase;
			buildActionMask = 2147483647;
			files = (
				CD5A0BAB26DEB40800AF733D /* Preview Assets.xcassets in Resources */,
				CD5A0BA826DEB40800AF733D /* Assets.xcassets in Resources */,
			);
			runOnlyForDeploymentPostprocessing = 0;
		};
/* End PBXResourcesBuildPhase section */

/* Begin PBXSourcesBuildPhase section */
		CD5A0B9C26DEB40600AF733D /* Sources */ = {
			isa = PBXSourcesBuildPhase;
			buildActionMask = 2147483647;
			files = (
				CD5A0BB326DEB41D00AF733D /* CreatureItem.swift in Sources */,
				CD5A0BB926DEDA6100AF733D /* CreatureDetail.swift in Sources */,
				CD5A0BA626DEB40600AF733D /* ContentView.swift in Sources */,
				CD5A0BB526DEB8CC00AF733D /* CreatureData.swift in Sources */,
				CD5A0BB726DEC7D100AF733D /* Creature.swift in Sources */,
				CD5A0BA426DEB40600AF733D /* WoWAuctionHouseApp.swift in Sources */,
				CD5A0BBB26DEDB0A00AF733D /* WebView.swift in Sources */,
			);
			runOnlyForDeploymentPostprocessing = 0;
		};
/* End PBXSourcesBuildPhase section */

/* Begin XCBuildConfiguration section */
		CD5A0BAD26DEB40800AF733D /* Debug */ = {
			isa = XCBuildConfiguration;
			buildSettings = {
				ALWAYS_SEARCH_USER_PATHS = NO;
				CLANG_ANALYZER_NONNULL = YES;
				CLANG_ANALYZER_NUMBER_OBJECT_CONVERSION = YES_AGGRESSIVE;
				CLANG_CXX_LANGUAGE_STANDARD = "gnu++14";
				CLANG_CXX_LIBRARY = "libc++";
				CLANG_ENABLE_MODULES = YES;
				CLANG_ENABLE_OBJC_ARC = YES;
				CLANG_ENABLE_OBJC_WEAK = YES;
				CLANG_WARN_BLOCK_CAPTURE_AUTORELEASING = YES;
				CLANG_WARN_BOOL_CONVERSION = YES;
				CLANG_WARN_COMMA = YES;
				CLANG_WARN_CONSTANT_CONVERSION = YES;
				CLANG_WARN_DEPRECATED_OBJC_IMPLEMENTATIONS = YES;
				CLANG_WARN_DIRECT_OBJC_ISA_USAGE = YES_ERROR;
				CLANG_WARN_DOCUMENTATION_COMMENTS = YES;
				CLANG_WARN_EMPTY_BODY = YES;
				CLANG_WARN_ENUM_CONVERSION = YES;
				CLANG_WARN_INFINITE_RECURSION = YES;
				CLANG_WARN_INT_CONVERSION = YES;
				CLANG_WARN_NON_LITERAL_NULL_CONVERSION = YES;
				CLANG_WARN_OBJC_IMPLICIT_RETAIN_SELF = YES;
				CLANG_WARN_OBJC_LITERAL_CONVERSION = YES;
				CLANG_WARN_OBJC_ROOT_CLASS = YES_ERROR;
				CLANG_WARN_QUOTED_INCLUDE_IN_FRAMEWORK_HEADER = YES;
				CLANG_WARN_RANGE_LOOP_ANALYSIS = YES;
				CLANG_WARN_STRICT_PROTOTYPES = YES;
				CLANG_WARN_SUSPICIOUS_MOVE = YES;
				CLANG_WARN_UNGUARDED_AVAILABILITY = YES_AGGRESSIVE;
				CLANG_WARN_UNREACHABLE_CODE = YES;
				CLANG_WARN__DUPLICATE_METHOD_MATCH = YES;
				COPY_PHASE_STRIP = NO;
				DEBUG_INFORMATION_FORMAT = dwarf;
				ENABLE_STRICT_OBJC_MSGSEND = YES;
				ENABLE_TESTABILITY = YES;
				GCC_C_LANGUAGE_STANDARD = gnu11;
				GCC_DYNAMIC_NO_PIC = NO;
				GCC_NO_COMMON_BLOCKS = YES;
				GCC_OPTIMIZATION_LEVEL = 0;
				GCC_PREPROCESSOR_DEFINITIONS = (
					"DEBUG=1",
					"$(inherited)",
				);
				GCC_WARN_64_TO_32_BIT_CONVERSION = YES;
				GCC_WARN_ABOUT_RETURN_TYPE = YES_ERROR;
				GCC_WARN_UNDECLARED_SELECTOR = YES;
				GCC_WARN_UNINITIALIZED_AUTOS = YES_AGGRESSIVE;
				GCC_WARN_UNUSED_FUNCTION = YES;
				GCC_WARN_UNUSED_VARIABLE = YES;
				IPHONEOS_DEPLOYMENT_TARGET = 14.5;
				MTL_ENABLE_DEBUG_INFO = INCLUDE_SOURCE;
				MTL_FAST_MATH = YES;
				ONLY_ACTIVE_ARCH = YES;
				SDKROOT = iphoneos;
				SWIFT_ACTIVE_COMPILATION_CONDITIONS = DEBUG;
				SWIFT_OPTIMIZATION_LEVEL = "-Onone";
			};
			name = Debug;
		};
		CD5A0BAE26DEB40800AF733D /* Release */ = {
			isa = XCBuildConfiguration;
			buildSettings = {
				ALWAYS_SEARCH_USER_PATHS = NO;
				CLANG_ANALYZER_NONNULL = YES;
				CLANG_ANALYZER_NUMBER_OBJECT_CONVERSION = YES_AGGRESSIVE;
				CLANG_CXX_LANGUAGE_STANDARD = "gnu++14";
				CLANG_CXX_LIBRARY = "libc++";
				CLANG_ENABLE_MODULES = YES;
				CLANG_ENABLE_OBJC_ARC = YES;
				CLANG_ENABLE_OBJC_WEAK = YES;
				CLANG_WARN_BLOCK_CAPTURE_AUTORELEASING = YES;
				CLANG_WARN_BOOL_CONVERSION = YES;
				CLANG_WARN_COMMA = YES;
				CLANG_WARN_CONSTANT_CONVERSION = YES;
				CLANG_WARN_DEPRECATED_OBJC_IMPLEMENTATIONS = YES;
				CLANG_WARN_DIRECT_OBJC_ISA_USAGE = YES_ERROR;
				CLANG_WARN_DOCUMENTATION_COMMENTS = YES;
				CLANG_WARN_EMPTY_BODY = YES;
				CLANG_WARN_ENUM_CONVERSION = YES;
				CLANG_WARN_INFINITE_RECURSION = YES;
				CLANG_WARN_INT_CONVERSION = YES;
				CLANG_WARN_NON_LITERAL_NULL_CONVERSION = YES;
				CLANG_WARN_OBJC_IMPLICIT_RETAIN_SELF = YES;
				CLANG_WARN_OBJC_LITERAL_CONVERSION = YES;
				CLANG_WARN_OBJC_ROOT_CLASS = YES_ERROR;
				CLANG_WARN_QUOTED_INCLUDE_IN_FRAMEWORK_HEADER = YES;
				CLANG_WARN_RANGE_LOOP_ANALYSIS = YES;
				CLANG_WARN_STRICT_PROTOTYPES = YES;
				CLANG_WARN_SUSPICIOUS_MOVE = YES;
				CLANG_WARN_UNGUARDED_AVAILABILITY = YES_AGGRESSIVE;
				CLANG_WARN_UNREACHABLE_CODE = YES;
				CLANG_WARN__DUPLICATE_METHOD_MATCH = YES;
				COPY_PHASE_STRIP = NO;
				DEBUG_INFORMATION_FORMAT = "dwarf-with-dsym";
				ENABLE_NS_ASSERTIONS = NO;
				ENABLE_STRICT_OBJC_MSGSEND = YES;
				GCC_C_LANGUAGE_STANDARD = gnu11;
				GCC_NO_COMMON_BLOCKS = YES;
				GCC_WARN_64_TO_32_BIT_CONVERSION = YES;
				GCC_WARN_ABOUT_RETURN_TYPE = YES_ERROR;
				GCC_WARN_UNDECLARED_SELECTOR = YES;
				GCC_WARN_UNINITIALIZED_AUTOS = YES_AGGRESSIVE;
				GCC_WARN_UNUSED_FUNCTION = YES;
				GCC_WARN_UNUSED_VARIABLE = YES;
				IPHONEOS_DEPLOYMENT_TARGET = 14.5;
				MTL_ENABLE_DEBUG_INFO = NO;
				MTL_FAST_MATH = YES;
				SDKROOT = iphoneos;
				SWIFT_COMPILATION_MODE = wholemodule;
				SWIFT_OPTIMIZATION_LEVEL = "-O";
				VALIDATE_PRODUCT = YES;
			};
			name = Release;
		};
		CD5A0BB026DEB40800AF733D /* Debug */ = {
			isa = XCBuildConfiguration;
			buildSettings = {
				ASSETCATALOG_COMPILER_APPICON_NAME = AppIcon;
				ASSETCATALOG_COMPILER_GLOBAL_ACCENT_COLOR_NAME = AccentColor;
				CODE_SIGN_STYLE = Automatic;
				DEVELOPMENT_ASSET_PATHS = "\"WoWAuctionHouse/Preview Content\"";
				DEVELOPMENT_TEAM = JSWT9X26VQ;
				ENABLE_PREVIEWS = YES;
				INFOPLIST_FILE = WoWAuctionHouse/Info.plist;
				IPHONEOS_DEPLOYMENT_TARGET = 14.0;
				LD_RUNPATH_SEARCH_PATHS = (
					"$(inherited)",
					"@executable_path/Frameworks",
				);
				PRODUCT_BUNDLE_IDENTIFIER = "Danny-Kong.WoWAuctionHouse";
				PRODUCT_NAME = "$(TARGET_NAME)";
				SWIFT_VERSION = 5.0;
				TARGETED_DEVICE_FAMILY = "1,2";
			};
			name = Debug;
		};
		CD5A0BB126DEB40800AF733D /* Release */ = {
			isa = XCBuildConfiguration;
			buildSettings = {
				ASSETCATALOG_COMPILER_APPICON_NAME = AppIcon;
				ASSETCATALOG_COMPILER_GLOBAL_ACCENT_COLOR_NAME = AccentColor;
				CODE_SIGN_STYLE = Automatic;
				DEVELOPMENT_ASSET_PATHS = "\"WoWAuctionHouse/Preview Content\"";
				DEVELOPMENT_TEAM = JSWT9X26VQ;
				ENABLE_PREVIEWS = YES;
				INFOPLIST_FILE = WoWAuctionHouse/Info.plist;
				IPHONEOS_DEPLOYMENT_TARGET = 14.0;
				LD_RUNPATH_SEARCH_PATHS = (
					"$(inherited)",
					"@executable_path/Frameworks",
				);
				PRODUCT_BUNDLE_IDENTIFIER = "Danny-Kong.WoWAuctionHouse";
				PRODUCT_NAME = "$(TARGET_NAME)";
				SWIFT_VERSION = 5.0;
				TARGETED_DEVICE_FAMILY = "1,2";
			};
			name = Release;
		};
/* End XCBuildConfiguration section */

/* Begin XCConfigurationList section */
		CD5A0B9B26DEB40600AF733D /* Build configuration list for PBXProject "WoWAuctionHouse" */ = {
			isa = XCConfigurationList;
			buildConfigurations = (
				CD5A0BAD26DEB40800AF733D /* Debug */,
				CD5A0BAE26DEB40800AF733D /* Release */,
			);
			defaultConfigurationIsVisible = 0;
			defaultConfigurationName = Release;
		};
		CD5A0BAF26DEB40800AF733D /* Build configuration list for PBXNativeTarget "WoWAuctionHouse" */ = {
			isa = XCConfigurationList;
			buildConfigurations = (
				CD5A0BB026DEB40800AF733D /* Debug */,
				CD5A0BB126DEB40800AF733D /* Release */,
			);
			defaultConfigurationIsVisible = 0;
			defaultConfigurationName = Release;
		};
/* End XCConfigurationList section */
	};
	rootObject = CD5A0B9826DEB40600AF733D /* Project object */;
}
